
Microsoft Visual Studio Solution File, Format Version 12.00
# Visual Studio Version 16
VisualStudioVersion = 16.0.29503.13
MinimumVisualStudioVersion = 10.0.40219.1
Project("{FAE04EC0-301F-11D3-BF4B-00C04F79EFBC}") = "BookStore", "BookStore\BookStore.csproj", "{4FDF05D1-F92B-43A4-8753-CFA73E9D8390}"
EndProject
Global
	GlobalSection(SolutionConfigurationPlatforms) = preSolution
		Debug|Any CPU = Debug|Any CPU
		Release|Any CPU = Release|Any CPU
	EndGlobalSection
	GlobalSection(ProjectConfigurationPlatforms) = postSolution
		{4FDF05D1-F92B-43A4-8753-CFA73E9D8390}.Debug|Any CPU.ActiveCfg = Debug|Any CPU
		{4FDF05D1-F92B-43A4-8753-CFA73E9D8390}.Debug|Any CPU.Build.0 = Debug|Any CPU
		{4FDF05D1-F92B-43A4-8753-CFA73E9D8390}.Release|Any CPU.ActiveCfg = Release|Any CPU
		{4FDF05D1-F92B-43A4-8753-CFA73E9D8390}.Release|Any CPU.Build.0 = Release|Any CPU
	EndGlobalSection
	GlobalSection(SolutionProperties) = preSolution
		HideSolutionNode = FALSE
	EndGlobalSection
	GlobalSection(ExtensibilityGlobals) = postSolution
		SolutionGuid = {E8F02F2F-0566-447D-B451-26D178BA7496}
	EndGlobalSection
EndGlobal
